# This file is automatically @generated by Cargo.
# It is not intended for manual editing.
version = 4

[[package]]
name = "purrdf-hash"
version = "3.0.1"

[[package]]
name = "purrdf-lex"
version = "3.0.1"
dependencies = [
 "purrdf-hash",
]

[[package]]
name = "qualification-454-fixture-freezer"
version = "0.0.0"
dependencies = [
 "purrdf-lex",
]
